
Microsoft Visual Studio Solution File, Format Version 12.00
# Visual Studio 15
VisualStudioVersion = 15.0.26730.8
MinimumVisualStudioVersion = 10.0.40219.1
Project("{FAE04EC0-301F-11D3-BF4B-00C04F79EFBC}") = "Vidly", "Vidly\Vidly.csproj", "{8E6CF6B6-6E26-40DA-9565-BAAE138987F0}"
EndProject
Global
	GlobalSection(SolutionConfigurationPlatforms) = preSolution
		Debug|Any CPU = Debug|Any CPU
		Release|Any CPU = Release|Any CPU
	EndGlobalSection
	GlobalSection(ProjectConfigurationPlatforms) = postSolution
		{8E6CF6B6-6E26-40DA-9565-BAAE138987F0}.Debug|Any CPU.ActiveCfg = Debug|Any CPU
		{8E6CF6B6-6E26-40DA-9565-BAAE138987F0}.Debug|Any CPU.Build.0 = Debug|Any CPU
		{8E6CF6B6-6E26-40DA-9565-BAAE138987F0}.Release|Any CPU.ActiveCfg = Release|Any CPU
		{8E6CF6B6-6E26-40DA-9565-BAAE138987F0}.Release|Any CPU.Build.0 = Release|Any CPU
	EndGlobalSection
	GlobalSection(SolutionProperties) = preSolution
		HideSolutionNode = FALSE
	EndGlobalSection
	GlobalSection(ExtensibilityGlobals) = postSolution
		SolutionGuid = {A1B07D41-65EA-4727-AB52-C42710F89266}
	EndGlobalSection
EndGlobal
